// !$*UTF8*$!
{
	archiveVersion = 1;
	classes = {
	};
	objectVersion = 55;
	objects = {

/* Begin PBXBuildFile section */
		F81EB73F27C4D45700E657B1 /* Assets.xcassets in Resources */ = {isa = PBXBuildFile; fileRef = F81EB73E27C4D45700E657B1 /* Assets.xcassets */; };
		F81EB74127C4E0E200E657B1 /* ListOfGroupsController.swift in Sources */ = {isa = PBXBuildFile; fileRef = F81EB74027C4E0E200E657B1 /* ListOfGroupsController.swift */; };
		F81EB74327C4E13C00E657B1 /* LocalGroupModel.swift in Sources */ = {isa = PBXBuildFile; fileRef = F81EB74227C4E13C00E657B1 /* LocalGroupModel.swift */; };
		F81EB74727C5025F00E657B1 /* AllGroupsController.swift in Sources */ = {isa = PBXBuildFile; fileRef = F81EB74627C5025F00E657B1 /* AllGroupsController.swift */; };
		F822946427BF9CDC00E635D6 /* UIViewController + Extention.swift in Sources */ = {isa = PBXBuildFile; fileRef = F822946327BF9CDC00E635D6 /* UIViewController + Extention.swift */; };
		F829E6AB2853D27C00CDB14A /* UserPhotosTableViewCell.swift in Sources */ = {isa = PBXBuildFile; fileRef = F829E6AA2853D27C00CDB14A /* UserPhotosTableViewCell.swift */; };
		F829E6AD2853E5EB00CDB14A /* UserPhotosViewCell.swift in Sources */ = {isa = PBXBuildFile; fileRef = F829E6AC2853E5EB00CDB14A /* UserPhotosViewCell.swift */; };
		F829E6AF2853F40D00CDB14A /* PhotoUIView.swift in Sources */ = {isa = PBXBuildFile; fileRef = F829E6AE2853F40D00CDB14A /* PhotoUIView.swift */; };
		F82DD70128002AA400D37A01 /* Animations.swift in Sources */ = {isa = PBXBuildFile; fileRef = F82DD70028002AA400D37A01 /* Animations.swift */; };
		F83B6A1627BA805D00D7179C /* AppDelegate.swift in Sources */ = {isa = PBXBuildFile; fileRef = F83B6A1527BA805D00D7179C /* AppDelegate.swift */; };
		F83B6A1827BA805D00D7179C /* SceneDelegate.swift in Sources */ = {isa = PBXBuildFile; fileRef = F83B6A1727BA805D00D7179C /* SceneDelegate.swift */; };
		F83B6A1A27BA805D00D7179C /* LoginViewController.swift in Sources */ = {isa = PBXBuildFile; fileRef = F83B6A1927BA805D00D7179C /* LoginViewController.swift */; };
		F83B6A1D27BA805D00D7179C /* Main.storyboard in Resources */ = {isa = PBXBuildFile; fileRef = F83B6A1B27BA805D00D7179C /* Main.storyboard */; };
		F83B6A2227BA805E00D7179C /* LaunchScreen.storyboard in Resources */ = {isa = PBXBuildFile; fileRef = F83B6A2027BA805E00D7179C /* LaunchScreen.storyboard */; };
		F84FFD9127F46726001C6684 /* LocalNewsModel.swift in Sources */ = {isa = PBXBuildFile; fileRef = F84FFD9027F46726001C6684 /* LocalNewsModel.swift */; };
		F866F7F827F8AACD00B12666 /* AnotherNewsCell.swift in Sources */ = {isa = PBXBuildFile; fileRef = F866F7F627F8AACD00B12666 /* AnotherNewsCell.swift */; };
		F866F7F927F8AACD00B12666 /* AnoutherNewsCell.xib in Resources */ = {isa = PBXBuildFile; fileRef = F866F7F727F8AACD00B12666 /* AnoutherNewsCell.xib */; };
		F866F7FC27F8B6FE00B12666 /* LikeControl.swift in Sources */ = {isa = PBXBuildFile; fileRef = F866F7FB27F8B6FE00B12666 /* LikeControl.swift */; };
		F870CD9227EDB094002410B7 /* HomeTableViewController.swift in Sources */ = {isa = PBXBuildFile; fileRef = F870CD9127EDB094002410B7 /* HomeTableViewController.swift */; };
		F870CD9427EDC505002410B7 /* MomentsTableViewCell.swift in Sources */ = {isa = PBXBuildFile; fileRef = F870CD9327EDC505002410B7 /* MomentsTableViewCell.swift */; };
		F870CD9627EDC5FC002410B7 /* MomentsCollectionViewCell.swift in Sources */ = {isa = PBXBuildFile; fileRef = F870CD9527EDC5FC002410B7 /* MomentsCollectionViewCell.swift */; };
		F870CD9827EDC832002410B7 /* LocalMomentsModel.swift in Sources */ = {isa = PBXBuildFile; fileRef = F870CD9727EDC832002410B7 /* LocalMomentsModel.swift */; };
		F8AB4DC028462A9C00EBFAAD /* WKLoginViewController.swift in Sources */ = {isa = PBXBuildFile; fileRef = F8AB4DBF28462A9C00EBFAAD /* WKLoginViewController.swift */; };
		F8B2596028489E5A00D6E8BD /* NewsFeedService.swift in Sources */ = {isa = PBXBuildFile; fileRef = F8B2595F28489E5A00D6E8BD /* NewsFeedService.swift */; };
		F8B25967284A3D8100D6E8BD /* FriendsService.swift in Sources */ = {isa = PBXBuildFile; fileRef = F8B25966284A3D8100D6E8BD /* FriendsService.swift */; };
		F8B2596B284A68AF00D6E8BD /* LoadGroups.swift in Sources */ = {isa = PBXBuildFile; fileRef = F8B2596A284A68AF00D6E8BD /* LoadGroups.swift */; };
		F8B25970284A70E100D6E8BD /* LoadUserInfo.swift in Sources */ = {isa = PBXBuildFile; fileRef = F8B2596F284A70E100D6E8BD /* LoadUserInfo.swift */; };
		F8B25972284B839400D6E8BD /* UserViewController.swift in Sources */ = {isa = PBXBuildFile; fileRef = F8B25971284B839400D6E8BD /* UserViewController.swift */; };
		F8B794962844F77400F0A3AB /* LocalLoaderGroup.swift in Sources */ = {isa = PBXBuildFile; fileRef = F8B794952844F77400F0A3AB /* LocalLoaderGroup.swift */; };
		F8B794982844FC9E00F0A3AB /* LocalLoaderFriend.swift in Sources */ = {isa = PBXBuildFile; fileRef = F8B794972844FC9E00F0A3AB /* LocalLoaderFriend.swift */; };
		F8B7949A2844FF4100F0A3AB /* LocalLoaderHomeScene.swift in Sources */ = {isa = PBXBuildFile; fileRef = F8B794992844FF4100F0A3AB /* LocalLoaderHomeScene.swift */; };
		F8B7949D2845025F00F0A3AB /* Session.swift in Sources */ = {isa = PBXBuildFile; fileRef = F8B7949C2845025F00F0A3AB /* Session.swift */; };
		F8B794A028450A7F00F0A3AB /* AvatarUIView.swift in Sources */ = {isa = PBXBuildFile; fileRef = F8B7949F28450A7F00F0A3AB /* AvatarUIView.swift */; };
		F8B7B6E027C4C34400C758ED /* ListOfFriendsController.swift in Sources */ = {isa = PBXBuildFile; fileRef = F8B7B6DF27C4C34400C758ED /* ListOfFriendsController.swift */; };
		F8B7B6E427C4C8F500C758ED /* LocalFriendModel.swift in Sources */ = {isa = PBXBuildFile; fileRef = F8B7B6E327C4C8F500C758ED /* LocalFriendModel.swift */; };
		F8C916D2284DF43D000AA5D7 /* LoadPhotos.swift in Sources */ = {isa = PBXBuildFile; fileRef = F8C916D1284DF43D000AA5D7 /* LoadPhotos.swift */; };
		F8F19C7A27FB54D500C38949 /* CellForList.swift in Sources */ = {isa = PBXBuildFile; fileRef = F8F19C7827FB54D500C38949 /* CellForList.swift */; };
		F8F19C7B27FB54D500C38949 /* CellForList.xib in Resources */ = {isa = PBXBuildFile; fileRef = F8F19C7927FB54D500C38949 /* CellForList.xib */; };
		F8FAF8362850A81300DD8EF5 /* UserFriendsViewCell.swift in Sources */ = {isa = PBXBuildFile; fileRef = F8FAF8352850A81300DD8EF5 /* UserFriendsViewCell.swift */; };
		F8FAF8382850AB9300DD8EF5 /* UserFriendsTableViewCell.swift in Sources */ = {isa = PBXBuildFile; fileRef = F8FAF8372850AB9300DD8EF5 /* UserFriendsTableViewCell.swift */; };
		F8FAF83B2850ACDF00DD8EF5 /* LocalUserFriendsModel.swift in Sources */ = {isa = PBXBuildFile; fileRef = F8FAF83A2850ACDF00DD8EF5 /* LocalUserFriendsModel.swift */; };
		F8FAF83D2850AD5C00DD8EF5 /* LocalLoaderUserScene.swift in Sources */ = {isa = PBXBuildFile; fileRef = F8FAF83C2850AD5C00DD8EF5 /* LocalLoaderUserScene.swift */; };
/* End PBXBuildFile section */

/* Begin PBXFileReference section */
		F81EB73E27C4D45700E657B1 /* Assets.xcassets */ = {isa = PBXFileReference; lastKnownFileType = folder.assetcatalog; path = Assets.xcassets; sourceTree = "<group>"; };
		F81EB74027C4E0E200E657B1 /* ListOfGroupsController.swift */ = {isa = PBXFileReference; lastKnownFileType = sourcecode.swift; path = ListOfGroupsController.swift; sourceTree = "<group>"; };
		F81EB74227C4E13C00E657B1 /* LocalGroupModel.swift */ = {isa = PBXFileReference; lastKnownFileType = sourcecode.swift; path = LocalGroupModel.swift; sourceTree = "<group>"; };
		F81EB74627C5025F00E657B1 /* AllGroupsController.swift */ = {isa = PBXFileReference; lastKnownFileType = sourcecode.swift; path = AllGroupsController.swift; sourceTree = "<group>"; };
		F822946327BF9CDC00E635D6 /* UIViewController + Extention.swift */ = {isa = PBXFileReference; lastKnownFileType = sourcecode.swift; path = "UIViewController + Extention.swift"; sourceTree = "<group>"; };
		F829E6AA2853D27C00CDB14A /* UserPhotosTableViewCell.swift */ = {isa = PBXFileReference; lastKnownFileType = sourcecode.swift; path = UserPhotosTableViewCell.swift; sourceTree = "<group>"; };
		F829E6AC2853E5EB00CDB14A /* UserPhotosViewCell.swift */ = {isa = PBXFileReference; lastKnownFileType = sourcecode.swift; path = UserPhotosViewCell.swift; sourceTree = "<group>"; };
		F829E6AE2853F40D00CDB14A /* PhotoUIView.swift */ = {isa = PBXFileReference; lastKnownFileType = sourcecode.swift; path = PhotoUIView.swift; sourceTree = "<group>"; };
		F82DD70028002AA400D37A01 /* Animations.swift */ = {isa = PBXFileReference; lastKnownFileType = sourcecode.swift; path = Animations.swift; sourceTree = "<group>"; };
		F83B6A1227BA805D00D7179C /* VKproject_СилаАлександр.app */ = {isa = PBXFileReference; explicitFileType = wrapper.application; includeInIndex = 0; path = "VKproject_СилаАлександр.app"; sourceTree = BUILT_PRODUCTS_DIR; };
		F83B6A1527BA805D00D7179C /* AppDelegate.swift */ = {isa = PBXFileReference; lastKnownFileType = sourcecode.swift; path = AppDelegate.swift; sourceTree = "<group>"; };
		F83B6A1727BA805D00D7179C /* SceneDelegate.swift */ = {isa = PBXFileReference; lastKnownFileType = sourcecode.swift; path = SceneDelegate.swift; sourceTree = "<group>"; };
		F83B6A1927BA805D00D7179C /* LoginViewController.swift */ = {isa = PBXFileReference; lastKnownFileType = sourcecode.swift; path = LoginViewController.swift; sourceTree = "<group>"; };
		F83B6A1C27BA805D00D7179C /* Base */ = {isa = PBXFileReference; lastKnownFileType = file.storyboard; name = Base; path = Base.lproj/Main.storyboard; sourceTree = "<group>"; };
		F83B6A2127BA805E00D7179C /* Base */ = {isa = PBXFileReference; lastKnownFileType = file.storyboard; name = Base; path = Base.lproj/LaunchScreen.storyboard; sourceTree = "<group>"; };
		F83B6A2327BA805E00D7179C /* Info.plist */ = {isa = PBXFileReference; lastKnownFileType = text.plist.xml; path = Info.plist; sourceTree = "<group>"; };
		F84FFD9027F46726001C6684 /* LocalNewsModel.swift */ = {isa = PBXFileReference; lastKnownFileType = sourcecode.swift; path = LocalNewsModel.swift; sourceTree = "<group>"; };
		F866F7F627F8AACD00B12666 /* AnotherNewsCell.swift */ = {isa = PBXFileReference; lastKnownFileType = sourcecode.swift; path = AnotherNewsCell.swift; sourceTree = "<group>"; };
		F866F7F727F8AACD00B12666 /* AnoutherNewsCell.xib */ = {isa = PBXFileReference; lastKnownFileType = file.xib; path = AnoutherNewsCell.xib; sourceTree = "<group>"; };
		F866F7FB27F8B6FE00B12666 /* LikeControl.swift */ = {isa = PBXFileReference; lastKnownFileType = sourcecode.swift; path = LikeControl.swift; sourceTree = "<group>"; };
		F870CD9127EDB094002410B7 /* HomeTableViewController.swift */ = {isa = PBXFileReference; lastKnownFileType = sourcecode.swift; path = HomeTableViewController.swift; sourceTree = "<group>"; };
		F870CD9327EDC505002410B7 /* MomentsTableViewCell.swift */ = {isa = PBXFileReference; lastKnownFileType = sourcecode.swift; path = MomentsTableViewCell.swift; sourceTree = "<group>"; };
		F870CD9527EDC5FC002410B7 /* MomentsCollectionViewCell.swift */ = {isa = PBXFileReference; lastKnownFileType = sourcecode.swift; path = MomentsCollectionViewCell.swift; sourceTree = "<group>"; };
		F870CD9727EDC832002410B7 /* LocalMomentsModel.swift */ = {isa = PBXFileReference; lastKnownFileType = sourcecode.swift; path = LocalMomentsModel.swift; sourceTree = "<group>"; };
		F8AB4DBF28462A9C00EBFAAD /* WKLoginViewController.swift */ = {isa = PBXFileReference; lastKnownFileType = sourcecode.swift; path = WKLoginViewController.swift; sourceTree = "<group>"; };
		F8B2595F28489E5A00D6E8BD /* NewsFeedService.swift */ = {isa = PBXFileReference; lastKnownFileType = sourcecode.swift; path = NewsFeedService.swift; sourceTree = "<group>"; };
		F8B25966284A3D8100D6E8BD /* FriendsService.swift */ = {isa = PBXFileReference; lastKnownFileType = sourcecode.swift; path = FriendsService.swift; sourceTree = "<group>"; };
		F8B2596A284A68AF00D6E8BD /* LoadGroups.swift */ = {isa = PBXFileReference; lastKnownFileType = sourcecode.swift; path = LoadGroups.swift; sourceTree = "<group>"; };
		F8B2596F284A70E100D6E8BD /* LoadUserInfo.swift */ = {isa = PBXFileReference; lastKnownFileType = sourcecode.swift; path = LoadUserInfo.swift; sourceTree = "<group>"; };
		F8B25971284B839400D6E8BD /* UserViewController.swift */ = {isa = PBXFileReference; lastKnownFileType = sourcecode.swift; path = UserViewController.swift; sourceTree = "<group>"; };
		F8B794952844F77400F0A3AB /* LocalLoaderGroup.swift */ = {isa = PBXFileReference; lastKnownFileType = sourcecode.swift; path = LocalLoaderGroup.swift; sourceTree = "<group>"; };
		F8B794972844FC9E00F0A3AB /* LocalLoaderFriend.swift */ = {isa = PBXFileReference; lastKnownFileType = sourcecode.swift; path = LocalLoaderFriend.swift; sourceTree = "<group>"; };
		F8B794992844FF4100F0A3AB /* LocalLoaderHomeScene.swift */ = {isa = PBXFileReference; lastKnownFileType = sourcecode.swift; path = LocalLoaderHomeScene.swift; sourceTree = "<group>"; };
		F8B7949C2845025F00F0A3AB /* Session.swift */ = {isa = PBXFileReference; lastKnownFileType = sourcecode.swift; path = Session.swift; sourceTree = "<group>"; };
		F8B7949F28450A7F00F0A3AB /* AvatarUIView.swift */ = {isa = PBXFileReference; lastKnownFileType = sourcecode.swift; path = AvatarUIView.swift; sourceTree = "<group>"; };
		F8B7B6DF27C4C34400C758ED /* ListOfFriendsController.swift */ = {isa = PBXFileReference; lastKnownFileType = sourcecode.swift; path = ListOfFriendsController.swift; sourceTree = "<group>"; };
		F8B7B6E327C4C8F500C758ED /* LocalFriendModel.swift */ = {isa = PBXFileReference; lastKnownFileType = sourcecode.swift; path = LocalFriendModel.swift; sourceTree = "<group>"; };
		F8C916D1284DF43D000AA5D7 /* LoadPhotos.swift */ = {isa = PBXFileReference; lastKnownFileType = sourcecode.swift; path = LoadPhotos.swift; sourceTree = "<group>"; };
		F8F19C7827FB54D500C38949 /* CellForList.swift */ = {isa = PBXFileReference; lastKnownFileType = sourcecode.swift; path = CellForList.swift; sourceTree = "<group>"; };
		F8F19C7927FB54D500C38949 /* CellForList.xib */ = {isa = PBXFileReference; lastKnownFileType = file.xib; path = CellForList.xib; sourceTree = "<group>"; };
		F8FAF8352850A81300DD8EF5 /* UserFriendsViewCell.swift */ = {isa = PBXFileReference; lastKnownFileType = sourcecode.swift; path = UserFriendsViewCell.swift; sourceTree = "<group>"; };
		F8FAF8372850AB9300DD8EF5 /* UserFriendsTableViewCell.swift */ = {isa = PBXFileReference; lastKnownFileType = sourcecode.swift; path = UserFriendsTableViewCell.swift; sourceTree = "<group>"; };
		F8FAF83A2850ACDF00DD8EF5 /* LocalUserFriendsModel.swift */ = {isa = PBXFileReference; lastKnownFileType = sourcecode.swift; path = LocalUserFriendsModel.swift; sourceTree = "<group>"; };
		F8FAF83C2850AD5C00DD8EF5 /* LocalLoaderUserScene.swift */ = {isa = PBXFileReference; lastKnownFileType = sourcecode.swift; path = LocalLoaderUserScene.swift; sourceTree = "<group>"; };
/* End PBXFileReference section */

/* Begin PBXFrameworksBuildPhase section */
		F83B6A0F27BA805D00D7179C /* Frameworks */ = {
			isa = PBXFrameworksBuildPhase;
			buildActionMask = 2147483647;
			files = (
			);
			runOnlyForDeploymentPostprocessing = 0;
		};
/* End PBXFrameworksBuildPhase section */

/* Begin PBXGroup section */
		F81EB75227C511CA00E657B1 /* Helpers */ = {
			isa = PBXGroup;
			children = (
				F822946327BF9CDC00E635D6 /* UIViewController + Extention.swift */,
			);
			path = Helpers;
			sourceTree = "<group>";
		};
		F83B6A0927BA805D00D7179C = {
			isa = PBXGroup;
			children = (
				F83B6A1427BA805D00D7179C /* L1_СилаАлександр */,
				F83B6A1327BA805D00D7179C /* Products */,
			);
			sourceTree = "<group>";
		};
		F83B6A1327BA805D00D7179C /* Products */ = {
			isa = PBXGroup;
			children = (
				F83B6A1227BA805D00D7179C /* VKproject_СилаАлександр.app */,
			);
			name = Products;
			sourceTree = "<group>";
		};
		F83B6A1427BA805D00D7179C /* L1_СилаАлександр */ = {
			isa = PBXGroup;
			children = (
				F83B6A2327BA805E00D7179C /* Info.plist */,
				F8C4EB24283D5D44008A4B02 /* Vk */,
			);
			path = "L1_СилаАлександр";
			sourceTree = "<group>";
		};
		F8B25965284A3D5100D6E8BD /* ServiceLayer */ = {
			isa = PBXGroup;
			children = (
				F8B25966284A3D8100D6E8BD /* FriendsService.swift */,
			);
			path = ServiceLayer;
			sourceTree = "<group>";
		};
		F8B25968284A44B300D6E8BD /* ServiceLayer */ = {
			isa = PBXGroup;
			children = (
				F8B2595F28489E5A00D6E8BD /* NewsFeedService.swift */,
			);
			path = ServiceLayer;
			sourceTree = "<group>";
		};
		F8B25969284A688F00D6E8BD /* ServiceLayer */ = {
			isa = PBXGroup;
			children = (
				F8B2596A284A68AF00D6E8BD /* LoadGroups.swift */,
			);
			path = ServiceLayer;
			sourceTree = "<group>";
		};
		F8B2596C284A706400D6E8BD /* UserScene */ = {
			isa = PBXGroup;
			children = (
				F8B2596E284A709300D6E8BD /* ViewLayer */,
				F8B2596D284A708100D6E8BD /* ServiceLayer */,
			);
			path = UserScene;
			sourceTree = "<group>";
		};
		F8B2596D284A708100D6E8BD /* ServiceLayer */ = {
			isa = PBXGroup;
			children = (
				F8B2596F284A70E100D6E8BD /* LoadUserInfo.swift */,
			);
			path = ServiceLayer;
			sourceTree = "<group>";
		};
		F8B2596E284A709300D6E8BD /* ViewLayer */ = {
			isa = PBXGroup;
			children = (
				F8FAF8392850ACC700DD8EF5 /* LocalModels */,
				F8B25971284B839400D6E8BD /* UserViewController.swift */,
				F8FAF8352850A81300DD8EF5 /* UserFriendsViewCell.swift */,
				F8FAF8372850AB9300DD8EF5 /* UserFriendsTableViewCell.swift */,
				F829E6AA2853D27C00CDB14A /* UserPhotosTableViewCell.swift */,
				F829E6AC2853E5EB00CDB14A /* UserPhotosViewCell.swift */,
				F829E6AE2853F40D00CDB14A /* PhotoUIView.swift */,
			);
			path = ViewLayer;
			sourceTree = "<group>";
		};
		F8B794932844F60F00F0A3AB /* LoginScene */ = {
			isa = PBXGroup;
			children = (
				F8B794942844F63100F0A3AB /* ViewLayer */,
			);
			path = LoginScene;
			sourceTree = "<group>";
		};
		F8B794942844F63100F0A3AB /* ViewLayer */ = {
			isa = PBXGroup;
			children = (
				F83B6A1927BA805D00D7179C /* LoginViewController.swift */,
				F8AB4DBF28462A9C00EBFAAD /* WKLoginViewController.swift */,
			);
			path = ViewLayer;
			sourceTree = "<group>";
		};
		F8B7949B2845023600F0A3AB /* ServiceLayer */ = {
			isa = PBXGroup;
			children = (
				F8B7949C2845025F00F0A3AB /* Session.swift */,
			);
			path = ServiceLayer;
			sourceTree = "<group>";
		};
		F8B7949E2845026C00F0A3AB /* ViewLayer */ = {
			isa = PBXGroup;
			children = (
				F866F7FB27F8B6FE00B12666 /* LikeControl.swift */,
				F82DD70028002AA400D37A01 /* Animations.swift */,
				F8B7949F28450A7F00F0A3AB /* AvatarUIView.swift */,
			);
			path = ViewLayer;
			sourceTree = "<group>";
		};
		F8C4EB23283D5BE7008A4B02 /* AppFiles */ = {
			isa = PBXGroup;
			children = (
				F83B6A1527BA805D00D7179C /* AppDelegate.swift */,
				F83B6A1727BA805D00D7179C /* SceneDelegate.swift */,
			);
			path = AppFiles;
			sourceTree = "<group>";
		};
		F8C4EB24283D5D44008A4B02 /* Vk */ = {
			isa = PBXGroup;
			children = (
				F8B7949E2845026C00F0A3AB /* ViewLayer */,
				F8B7949B2845023600F0A3AB /* ServiceLayer */,
				F8B794932844F60F00F0A3AB /* LoginScene */,
				F8C4EB27283D5D9E008A4B02 /* GroupScene */,
				F8C4EB26283D5D8D008A4B02 /* FriendScene */,
				F8C4EB25283D5D5A008A4B02 /* HomeScene */,
				F8B2596C284A706400D6E8BD /* UserScene */,
				F8C916CE284DF3BB000AA5D7 /* PhotoScene */,
				F8C4EB29283D61EA008A4B02 /* CommonXibFiles */,
				F81EB75227C511CA00E657B1 /* Helpers */,
				F8C4EB23283D5BE7008A4B02 /* AppFiles */,
				F83B6A1B27BA805D00D7179C /* Main.storyboard */,
				F83B6A2027BA805E00D7179C /* LaunchScreen.storyboard */,
				F81EB73E27C4D45700E657B1 /* Assets.xcassets */,
			);
			path = Vk;
			sourceTree = "<group>";
		};
		F8C4EB25283D5D5A008A4B02 /* HomeScene */ = {
			isa = PBXGroup;
			children = (
				F8B25968284A44B300D6E8BD /* ServiceLayer */,
				F8C4EB2E283D6375008A4B02 /* ViewLayer */,
			);
			path = HomeScene;
			sourceTree = "<group>";
		};
		F8C4EB26283D5D8D008A4B02 /* FriendScene */ = {
			isa = PBXGroup;
			children = (
				F8B25965284A3D5100D6E8BD /* ServiceLayer */,
				F8C4EB31283D6617008A4B02 /* ViewLayer */,
			);
			path = FriendScene;
			sourceTree = "<group>";
		};
		F8C4EB27283D5D9E008A4B02 /* GroupScene */ = {
			isa = PBXGroup;
			children = (
				F8B25969284A688F00D6E8BD /* ServiceLayer */,
				F8C4EB2B283D62F3008A4B02 /* ViewLayer */,
			);
			path = GroupScene;
			sourceTree = "<group>";
		};
		F8C4EB29283D61EA008A4B02 /* CommonXibFiles */ = {
			isa = PBXGroup;
			children = (
				F8C4EB2D283D6354008A4B02 /* XibNewsCell */,
				F8C4EB2A283D6239008A4B02 /* CellForList */,
			);
			path = CommonXibFiles;
			sourceTree = "<group>";
		};
		F8C4EB2A283D6239008A4B02 /* CellForList */ = {
			isa = PBXGroup;
			children = (
				F8F19C7827FB54D500C38949 /* CellForList.swift */,
				F8F19C7927FB54D500C38949 /* CellForList.xib */,
			);
			path = CellForList;
			sourceTree = "<group>";
		};
		F8C4EB2B283D62F3008A4B02 /* ViewLayer */ = {
			isa = PBXGroup;
			children = (
				F8C4EB2C283D6305008A4B02 /* LocalModels */,
				F81EB74027C4E0E200E657B1 /* ListOfGroupsController.swift */,
				F81EB74627C5025F00E657B1 /* AllGroupsController.swift */,
			);
			path = ViewLayer;
			sourceTree = "<group>";
		};
		F8C4EB2C283D6305008A4B02 /* LocalModels */ = {
			isa = PBXGroup;
			children = (
				F81EB74227C4E13C00E657B1 /* LocalGroupModel.swift */,
				F8B794952844F77400F0A3AB /* LocalLoaderGroup.swift */,
			);
			path = LocalModels;
			sourceTree = "<group>";
		};
		F8C4EB2D283D6354008A4B02 /* XibNewsCell */ = {
			isa = PBXGroup;
			children = (
				F866F7F727F8AACD00B12666 /* AnoutherNewsCell.xib */,
				F866F7F627F8AACD00B12666 /* AnotherNewsCell.swift */,
			);
			path = XibNewsCell;
			sourceTree = "<group>";
		};
		F8C4EB2E283D6375008A4B02 /* ViewLayer */ = {
			isa = PBXGroup;
			children = (
				F8C4EB30283D6582008A4B02 /* LocalModels */,
				F8C4EB2F283D64A6008A4B02 /* Cells */,
				F870CD9327EDC505002410B7 /* MomentsTableViewCell.swift */,
				F870CD9127EDB094002410B7 /* HomeTableViewController.swift */,
			);
			path = ViewLayer;
			sourceTree = "<group>";
		};
		F8C4EB2F283D64A6008A4B02 /* Cells */ = {
			isa = PBXGroup;
			children = (
				F870CD9527EDC5FC002410B7 /* MomentsCollectionViewCell.swift */,
			);
			path = Cells;
			sourceTree = "<group>";
		};
		F8C4EB30283D6582008A4B02 /* LocalModels */ = {
			isa = PBXGroup;
			children = (
				F870CD9727EDC832002410B7 /* LocalMomentsModel.swift */,
				F84FFD9027F46726001C6684 /* LocalNewsModel.swift */,
				F8B794992844FF4100F0A3AB /* LocalLoaderHomeScene.swift */,
			);
			path = LocalModels;
			sourceTree = "<group>";
		};
		F8C4EB31283D6617008A4B02 /* ViewLayer */ = {
			isa = PBXGroup;
			children = (
				F8C4EB32283D662B008A4B02 /* LocalModel */,
				F8B7B6DF27C4C34400C758ED /* ListOfFriendsController.swift */,
			);
			path = ViewLayer;
			sourceTree = "<group>";
		};
		F8C4EB32283D662B008A4B02 /* LocalModel */ = {
			isa = PBXGroup;
			children = (
				F8B7B6E327C4C8F500C758ED /* LocalFriendModel.swift */,
				F8B794972844FC9E00F0A3AB /* LocalLoaderFriend.swift */,
			);
			path = LocalModel;
			sourceTree = "<group>";
		};
		F8C916CE284DF3BB000AA5D7 /* PhotoScene */ = {
			isa = PBXGroup;
			children = (
				F8C916D0284DF3E3000AA5D7 /* ViewLayer */,
				F8C916CF284DF3D3000AA5D7 /* ServiceLayer */,
			);
			path = PhotoScene;
			sourceTree = "<group>";
		};
		F8C916CF284DF3D3000AA5D7 /* ServiceLayer */ = {
			isa = PBXGroup;
			children = (
				F8C916D1284DF43D000AA5D7 /* LoadPhotos.swift */,
			);
			path = ServiceLayer;
			sourceTree = "<group>";
		};
		F8C916D0284DF3E3000AA5D7 /* ViewLayer */ = {
			isa = PBXGroup;
			children = (
			);
			path = ViewLayer;
			sourceTree = "<group>";
		};
		F8FAF8392850ACC700DD8EF5 /* LocalModels */ = {
			isa = PBXGroup;
			children = (
				F8FAF83A2850ACDF00DD8EF5 /* LocalUserFriendsModel.swift */,
				F8FAF83C2850AD5C00DD8EF5 /* LocalLoaderUserScene.swift */,
			);
			path = LocalModels;
			sourceTree = "<group>";
		};
/* End PBXGroup section */

/* Begin PBXNativeTarget section */
		F83B6A1127BA805D00D7179C /* VKproject_СилаАлександр */ = {
			isa = PBXNativeTarget;
			buildConfigurationList = F83B6A2627BA805E00D7179C /* Build configuration list for PBXNativeTarget "VKproject_СилаАлександр" */;
			buildPhases = (
				F83B6A0E27BA805D00D7179C /* Sources */,
				F83B6A0F27BA805D00D7179C /* Frameworks */,
				F83B6A1027BA805D00D7179C /* Resources */,
			);
			buildRules = (
			);
			dependencies = (
			);
			name = "VKproject_СилаАлександр";
			productName = "L1_СилаАлександр";
			productReference = F83B6A1227BA805D00D7179C /* VKproject_СилаАлександр.app */;
			productType = "com.apple.product-type.application";
		};
/* End PBXNativeTarget section */

/* Begin PBXProject section */
		F83B6A0A27BA805D00D7179C /* Project object */ = {
			isa = PBXProject;
			attributes = {
				BuildIndependentTargetsInParallel = 1;
				LastSwiftUpdateCheck = 1320;
				LastUpgradeCheck = 1320;
				TargetAttributes = {
					F83B6A1127BA805D00D7179C = {
						CreatedOnToolsVersion = 13.2.1;
					};
				};
			};
			buildConfigurationList = F83B6A0D27BA805D00D7179C /* Build configuration list for PBXProject "VKproject_СилаАлександр" */;
			compatibilityVersion = "Xcode 13.0";
			developmentRegion = en;
			hasScannedForEncodings = 0;
			knownRegions = (
				en,
				Base,
			);
			mainGroup = F83B6A0927BA805D00D7179C;
			productRefGroup = F83B6A1327BA805D00D7179C /* Products */;
			projectDirPath = "";
			projectRoot = "";
			targets = (
				F83B6A1127BA805D00D7179C /* VKproject_СилаАлександр */,
			);
		};
/* End PBXProject section */

/* Begin PBXResourcesBuildPhase section */
		F83B6A1027BA805D00D7179C /* Resources */ = {
			isa = PBXResourcesBuildPhase;
			buildActionMask = 2147483647;
			files = (
				F83B6A2227BA805E00D7179C /* LaunchScreen.storyboard in Resources */,
				F8F19C7B27FB54D500C38949 /* CellForList.xib in Resources */,
				F81EB73F27C4D45700E657B1 /* Assets.xcassets in Resources */,
				F866F7F927F8AACD00B12666 /* AnoutherNewsCell.xib in Resources */,
				F83B6A1D27BA805D00D7179C /* Main.storyboard in Resources */,
			);
			runOnlyForDeploymentPostprocessing = 0;
		};
/* End PBXResourcesBuildPhase section */

/* Begin PBXSourcesBuildPhase section */
		F83B6A0E27BA805D00D7179C /* Sources */ = {
			isa = PBXSourcesBuildPhase;
			buildActionMask = 2147483647;
			files = (
				F829E6AF2853F40D00CDB14A /* PhotoUIView.swift in Sources */,
				F829E6AB2853D27C00CDB14A /* UserPhotosTableViewCell.swift in Sources */,
				F8FAF83B2850ACDF00DD8EF5 /* LocalUserFriendsModel.swift in Sources */,
				F8B2596028489E5A00D6E8BD /* NewsFeedService.swift in Sources */,
				F81EB74327C4E13C00E657B1 /* LocalGroupModel.swift in Sources */,
				F83B6A1A27BA805D00D7179C /* LoginViewController.swift in Sources */,
				F81EB74727C5025F00E657B1 /* AllGroupsController.swift in Sources */,
				F8F19C7A27FB54D500C38949 /* CellForList.swift in Sources */,
				F8B25967284A3D8100D6E8BD /* FriendsService.swift in Sources */,
				F8FAF8382850AB9300DD8EF5 /* UserFriendsTableViewCell.swift in Sources */,
				F8B7B6E427C4C8F500C758ED /* LocalFriendModel.swift in Sources */,
				F829E6AD2853E5EB00CDB14A /* UserPhotosViewCell.swift in Sources */,
				F866F7F827F8AACD00B12666 /* AnotherNewsCell.swift in Sources */,
				F84FFD9127F46726001C6684 /* LocalNewsModel.swift in Sources */,
				F8B7B6E027C4C34400C758ED /* ListOfFriendsController.swift in Sources */,
				F8B794962844F77400F0A3AB /* LocalLoaderGroup.swift in Sources */,
				F866F7FC27F8B6FE00B12666 /* LikeControl.swift in Sources */,
				F8B7949A2844FF4100F0A3AB /* LocalLoaderHomeScene.swift in Sources */,
				F870CD9627EDC5FC002410B7 /* MomentsCollectionViewCell.swift in Sources */,
				F81EB74127C4E0E200E657B1 /* ListOfGroupsController.swift in Sources */,
				F8FAF8362850A81300DD8EF5 /* UserFriendsViewCell.swift in Sources */,
				F83B6A1627BA805D00D7179C /* AppDelegate.swift in Sources */,
				F8B7949D2845025F00F0A3AB /* Session.swift in Sources */,
				F870CD9427EDC505002410B7 /* MomentsTableViewCell.swift in Sources */,
				F8AB4DC028462A9C00EBFAAD /* WKLoginViewController.swift in Sources */,
				F8B25972284B839400D6E8BD /* UserViewController.swift in Sources */,
				F8C916D2284DF43D000AA5D7 /* LoadPhotos.swift in Sources */,
				F83B6A1827BA805D00D7179C /* SceneDelegate.swift in Sources */,
				F8B794A028450A7F00F0A3AB /* AvatarUIView.swift in Sources */,
				F870CD9227EDB094002410B7 /* HomeTableViewController.swift in Sources */,
				F8B794982844FC9E00F0A3AB /* LocalLoaderFriend.swift in Sources */,
				F8FAF83D2850AD5C00DD8EF5 /* LocalLoaderUserScene.swift in Sources */,
				F870CD9827EDC832002410B7 /* LocalMomentsModel.swift in Sources */,
				F8B25970284A70E100D6E8BD /* LoadUserInfo.swift in Sources */,
				F822946427BF9CDC00E635D6 /* UIViewController + Extention.swift in Sources */,
				F82DD70128002AA400D37A01 /* Animations.swift in Sources */,
				F8B2596B284A68AF00D6E8BD /* LoadGroups.swift in Sources */,
			);
			runOnlyForDeploymentPostprocessing = 0;
		};
/* End PBXSourcesBuildPhase section */

/* Begin PBXVariantGroup section */
		F83B6A1B27BA805D00D7179C /* Main.storyboard */ = {
			isa = PBXVariantGroup;
			children = (
				F83B6A1C27BA805D00D7179C /* Base */,
			);
			name = Main.storyboard;
			sourceTree = "<group>";
		};
		F83B6A2027BA805E00D7179C /* LaunchScreen.storyboard */ = {
			isa = PBXVariantGroup;
			children = (
				F83B6A2127BA805E00D7179C /* Base */,
			);
			name = LaunchScreen.storyboard;
			sourceTree = "<group>";
		};
/* End PBXVariantGroup section */

/* Begin XCBuildConfiguration section */
		F83B6A2427BA805E00D7179C /* Debug */ = {
			isa = XCBuildConfiguration;
			buildSettings = {
				ALWAYS_SEARCH_USER_PATHS = NO;
				CLANG_ANALYZER_NONNULL = YES;
				CLANG_ANALYZER_NUMBER_OBJECT_CONVERSION = YES_AGGRESSIVE;
				CLANG_CXX_LANGUAGE_STANDARD = "gnu++17";
				CLANG_CXX_LIBRARY = "libc++";
				CLANG_ENABLE_MODULES = YES;
				CLANG_ENABLE_OBJC_ARC = YES;
				CLANG_ENABLE_OBJC_WEAK = YES;
				CLANG_WARN_BLOCK_CAPTURE_AUTORELEASING = YES;
				CLANG_WARN_BOOL_CONVERSION = YES;
				CLANG_WARN_COMMA = YES;
				CLANG_WARN_CONSTANT_CONVERSION = YES;
				CLANG_WARN_DEPRECATED_OBJC_IMPLEMENTATIONS = YES;
				CLANG_WARN_DIRECT_OBJC_ISA_USAGE = YES_ERROR;
				CLANG_WARN_DOCUMENTATION_COMMENTS = YES;
				CLANG_WARN_EMPTY_BODY = YES;
				CLANG_WARN_ENUM_CONVERSION = YES;
				CLANG_WARN_INFINITE_RECURSION = YES;
				CLANG_WARN_INT_CONVERSION = YES;
				CLANG_WARN_NON_LITERAL_NULL_CONVERSION = YES;
				CLANG_WARN_OBJC_IMPLICIT_RETAIN_SELF = YES;
				CLANG_WARN_OBJC_LITERAL_CONVERSION = YES;
				CLANG_WARN_OBJC_ROOT_CLASS = YES_ERROR;
				CLANG_WARN_QUOTED_INCLUDE_IN_FRAMEWORK_HEADER = YES;
				CLANG_WARN_RANGE_LOOP_ANALYSIS = YES;
				CLANG_WARN_STRICT_PROTOTYPES = YES;
				CLANG_WARN_SUSPICIOUS_MOVE = YES;
				CLANG_WARN_UNGUARDED_AVAILABILITY = YES_AGGRESSIVE;
				CLANG_WARN_UNREACHABLE_CODE = YES;
				CLANG_WARN__DUPLICATE_METHOD_MATCH = YES;
				COPY_PHASE_STRIP = NO;
				DEBUG_INFORMATION_FORMAT = dwarf;
				ENABLE_STRICT_OBJC_MSGSEND = YES;
				ENABLE_TESTABILITY = YES;
				GCC_C_LANGUAGE_STANDARD = gnu11;
				GCC_DYNAMIC_NO_PIC = NO;
				GCC_NO_COMMON_BLOCKS = YES;
				GCC_OPTIMIZATION_LEVEL = 0;
				GCC_PREPROCESSOR_DEFINITIONS = (
					"DEBUG=1",
					"$(inherited)",
				);
				GCC_WARN_64_TO_32_BIT_CONVERSION = YES;
				GCC_WARN_ABOUT_RETURN_TYPE = YES_ERROR;
				GCC_WARN_UNDECLARED_SELECTOR = YES;
				GCC_WARN_UNINITIALIZED_AUTOS = YES_AGGRESSIVE;
				GCC_WARN_UNUSED_FUNCTION = YES;
				GCC_WARN_UNUSED_VARIABLE = YES;
				IPHONEOS_DEPLOYMENT_TARGET = 15.2;
				MTL_ENABLE_DEBUG_INFO = INCLUDE_SOURCE;
				MTL_FAST_MATH = YES;
				ONLY_ACTIVE_ARCH = YES;
				SDKROOT = iphoneos;
				SWIFT_ACTIVE_COMPILATION_CONDITIONS = DEBUG;
				SWIFT_OPTIMIZATION_LEVEL = "-Onone";
			};
			name = Debug;
		};
		F83B6A2527BA805E00D7179C /* Release */ = {
			isa = XCBuildConfiguration;
			buildSettings = {
				ALWAYS_SEARCH_USER_PATHS = NO;
				CLANG_ANALYZER_NONNULL = YES;
				CLANG_ANALYZER_NUMBER_OBJECT_CONVERSION = YES_AGGRESSIVE;
				CLANG_CXX_LANGUAGE_STANDARD = "gnu++17";
				CLANG_CXX_LIBRARY = "libc++";
				CLANG_ENABLE_MODULES = YES;
				CLANG_ENABLE_OBJC_ARC = YES;
				CLANG_ENABLE_OBJC_WEAK = YES;
				CLANG_WARN_BLOCK_CAPTURE_AUTORELEASING = YES;
				CLANG_WARN_BOOL_CONVERSION = YES;
				CLANG_WARN_COMMA = YES;
				CLANG_WARN_CONSTANT_CONVERSION = YES;
				CLANG_WARN_DEPRECATED_OBJC_IMPLEMENTATIONS = YES;
				CLANG_WARN_DIRECT_OBJC_ISA_USAGE = YES_ERROR;
				CLANG_WARN_DOCUMENTATION_COMMENTS = YES;
				CLANG_WARN_EMPTY_BODY = YES;
				CLANG_WARN_ENUM_CONVERSION = YES;
				CLANG_WARN_INFINITE_RECURSION = YES;
				CLANG_WARN_INT_CONVERSION = YES;
				CLANG_WARN_NON_LITERAL_NULL_CONVERSION = YES;
				CLANG_WARN_OBJC_IMPLICIT_RETAIN_SELF = YES;
				CLANG_WARN_OBJC_LITERAL_CONVERSION = YES;
				CLANG_WARN_OBJC_ROOT_CLASS = YES_ERROR;
				CLANG_WARN_QUOTED_INCLUDE_IN_FRAMEWORK_HEADER = YES;
				CLANG_WARN_RANGE_LOOP_ANALYSIS = YES;
				CLANG_WARN_STRICT_PROTOTYPES = YES;
				CLANG_WARN_SUSPICIOUS_MOVE = YES;
				CLANG_WARN_UNGUARDED_AVAILABILITY = YES_AGGRESSIVE;
				CLANG_WARN_UNREACHABLE_CODE = YES;
				CLANG_WARN__DUPLICATE_METHOD_MATCH = YES;
				COPY_PHASE_STRIP = NO;
				DEBUG_INFORMATION_FORMAT = "dwarf-with-dsym";
				ENABLE_NS_ASSERTIONS = NO;
				ENABLE_STRICT_OBJC_MSGSEND = YES;
				GCC_C_LANGUAGE_STANDARD = gnu11;
				GCC_NO_COMMON_BLOCKS = YES;
				GCC_WARN_64_TO_32_BIT_CONVERSION = YES;
				GCC_WARN_ABOUT_RETURN_TYPE = YES_ERROR;
				GCC_WARN_UNDECLARED_SELECTOR = YES;
				GCC_WARN_UNINITIALIZED_AUTOS = YES_AGGRESSIVE;
				GCC_WARN_UNUSED_FUNCTION = YES;
				GCC_WARN_UNUSED_VARIABLE = YES;
				IPHONEOS_DEPLOYMENT_TARGET = 15.2;
				MTL_ENABLE_DEBUG_INFO = NO;
				MTL_FAST_MATH = YES;
				SDKROOT = iphoneos;
				SWIFT_COMPILATION_MODE = wholemodule;
				SWIFT_OPTIMIZATION_LEVEL = "-O";
				VALIDATE_PRODUCT = YES;
			};
			name = Release;
		};
		F83B6A2727BA805E00D7179C /* Debug */ = {
			isa = XCBuildConfiguration;
			buildSettings = {
				ASSETCATALOG_COMPILER_APPICON_NAME = AppIcon;
				ASSETCATALOG_COMPILER_GLOBAL_ACCENT_COLOR_NAME = AccentColor;
				CODE_SIGN_STYLE = Automatic;
				CURRENT_PROJECT_VERSION = 1;
				DEVELOPMENT_TEAM = H5LCY7Y29F;
				GENERATE_INFOPLIST_FILE = YES;
				INFOPLIST_FILE = "L1_СилаАлександр/Info.plist";
				INFOPLIST_KEY_UIApplicationSupportsIndirectInputEvents = YES;
				INFOPLIST_KEY_UILaunchStoryboardName = LaunchScreen;
				INFOPLIST_KEY_UIMainStoryboardFile = Main;
				INFOPLIST_KEY_UISupportedInterfaceOrientations_iPad = "UIInterfaceOrientationPortrait UIInterfaceOrientationPortraitUpsideDown UIInterfaceOrientationLandscapeLeft UIInterfaceOrientationLandscapeRight";
				INFOPLIST_KEY_UISupportedInterfaceOrientations_iPhone = "UIInterfaceOrientationPortrait UIInterfaceOrientationLandscapeLeft UIInterfaceOrientationLandscapeRight";
				LD_RUNPATH_SEARCH_PATHS = (
					"$(inherited)",
					"@executable_path/Frameworks",
				);
				MARKETING_VERSION = 1.0;
				PRODUCT_BUNDLE_IDENTIFIER = "-.L1--------------";
				PRODUCT_NAME = "$(TARGET_NAME)";
				SWIFT_EMIT_LOC_STRINGS = YES;
				SWIFT_VERSION = 5.0;
				TARGETED_DEVICE_FAMILY = "1,2";
			};
			name = Debug;
		};
		F83B6A2827BA805E00D7179C /* Release */ = {
			isa = XCBuildConfiguration;
			buildSettings = {
				ASSETCATALOG_COMPILER_APPICON_NAME = AppIcon;
				ASSETCATALOG_COMPILER_GLOBAL_ACCENT_COLOR_NAME = AccentColor;
				CODE_SIGN_STYLE = Automatic;
				CURRENT_PROJECT_VERSION = 1;
				DEVELOPMENT_TEAM = H5LCY7Y29F;
				GENERATE_INFOPLIST_FILE = YES;
				INFOPLIST_FILE = "L1_СилаАлександр/Info.plist";
				INFOPLIST_KEY_UIApplicationSupportsIndirectInputEvents = YES;
				INFOPLIST_KEY_UILaunchStoryboardName = LaunchScreen;
				INFOPLIST_KEY_UIMainStoryboardFile = Main;
				INFOPLIST_KEY_UISupportedInterfaceOrientations_iPad = "UIInterfaceOrientationPortrait UIInterfaceOrientationPortraitUpsideDown UIInterfaceOrientationLandscapeLeft UIInterfaceOrientationLandscapeRight";
				INFOPLIST_KEY_UISupportedInterfaceOrientations_iPhone = "UIInterfaceOrientationPortrait UIInterfaceOrientationLandscapeLeft UIInterfaceOrientationLandscapeRight";
				LD_RUNPATH_SEARCH_PATHS = (
					"$(inherited)",
					"@executable_path/Frameworks",
				);
				MARKETING_VERSION = 1.0;
				PRODUCT_BUNDLE_IDENTIFIER = "-.L1--------------";
				PRODUCT_NAME = "$(TARGET_NAME)";
				SWIFT_EMIT_LOC_STRINGS = YES;
				SWIFT_VERSION = 5.0;
				TARGETED_DEVICE_FAMILY = "1,2";
			};
			name = Release;
		};
/* End XCBuildConfiguration section */

/* Begin XCConfigurationList section */
		F83B6A0D27BA805D00D7179C /* Build configuration list for PBXProject "VKproject_СилаАлександр" */ = {
			isa = XCConfigurationList;
			buildConfigurations = (
				F83B6A2427BA805E00D7179C /* Debug */,
				F83B6A2527BA805E00D7179C /* Release */,
			);
			defaultConfigurationIsVisible = 0;
			defaultConfigurationName = Release;
		};
		F83B6A2627BA805E00D7179C /* Build configuration list for PBXNativeTarget "VKproject_СилаАлександр" */ = {
			isa = XCConfigurationList;
			buildConfigurations = (
				F83B6A2727BA805E00D7179C /* Debug */,
				F83B6A2827BA805E00D7179C /* Release */,
			);
			defaultConfigurationIsVisible = 0;
			defaultConfigurationName = Release;
		};
/* End XCConfigurationList section */
	};
	rootObject = F83B6A0A27BA805D00D7179C /* Project object */;
}
